# Code generated by scarb DO NOT EDIT.
version = 1

[[package]]
name = "glyph_pprf"
version = "0.1.0"
source = "git+https://github.com/inshell-art/pprf.git#f2b003b5ff05b8c2d6d1b61b69ea5103da3a3e65"

[[package]]
name = "path_look"
version = "0.1.0"
dependencies = [
 "glyph_pprf",
 "snforge_std",
 "step_curve",
]

[[package]]
name = "snforge_scarb_plugin"
version = "0.52.0"
source = "git+https://github.com/foundry-rs/starknet-foundry.git?tag=v0.52.0#ae2bfed5c630b94430f46931374d8e7c8e301fea"

[[package]]
name = "snforge_std"
version = "0.52.0"
source = "git+https://github.com/foundry-rs/starknet-foundry.git?tag=v0.52.0#ae2bfed5c630b94430f46931374d8e7c8e301fea"
dependencies = [
 "snforge_scarb_plugin",
]

[[package]]
name = "step_curve"
version = "0.1.1"
source = "git+https://github.com/inshell-art/step-curve?tag=v0.1.1#5a21b7a2f9741e8b4226a45e09ed26aa7b153b99"
